// !$*UTF8*$!
{
	archiveVersion = 1;
	classes = {
	};
	objectVersion = 48;
	objects = {

/* Begin PBXBuildFile section */
		4830098A1F4ACACD00FB10F7 /* AppDelegate.swift in Sources */ = {isa = PBXBuildFile; fileRef = 483009891F4ACACD00FB10F7 /* AppDelegate.swift */; };
		4830098C1F4ACACD00FB10F7 /* ViewController.swift in Sources */ = {isa = PBXBuildFile; fileRef = 4830098B1F4ACACD00FB10F7 /* ViewController.swift */; };
		4830098F1F4ACACD00FB10F7 /* Main.storyboard in Resources */ = {isa = PBXBuildFile; fileRef = 4830098D1F4ACACD00FB10F7 /* Main.storyboard */; };
		483009911F4ACACD00FB10F7 /* Assets.xcassets in Resources */ = {isa = PBXBuildFile; fileRef = 483009901F4ACACD00FB10F7 /* Assets.xcassets */; };
		483009941F4ACACD00FB10F7 /* LaunchScreen.storyboard in Resources */ = {isa = PBXBuildFile; fileRef = 483009921F4ACACD00FB10F7 /* LaunchScreen.storyboard */; };
		4830099D1F4ACBFE00FB10F7 /* Kenny.jpg in Resources */ = {isa = PBXBuildFile; fileRef = 4830099B1F4ACBFC00FB10F7 /* Kenny.jpg */; };
		4830099E1F4ACBFE00FB10F7 /* SouthPark.jpg in Resources */ = {isa = PBXBuildFile; fileRef = 4830099C1F4ACBFC00FB10F7 /* SouthPark.jpg */; };
/* End PBXBuildFile section */

/* Begin PBXFileReference section */
		483009861F4ACACD00FB10F7 /* KennyGame.app */ = {isa = PBXFileReference; explicitFileType = wrapper.application; includeInIndex = 0; path = KennyGame.app; sourceTree = BUILT_PRODUCTS_DIR; };
		483009891F4ACACD00FB10F7 /* AppDelegate.swift */ = {isa = PBXFileReference; lastKnownFileType = sourcecode.swift; path = AppDelegate.swift; sourceTree = "<group>"; };
		4830098B1F4ACACD00FB10F7 /* ViewController.swift */ = {isa = PBXFileReference; lastKnownFileType = sourcecode.swift; path = ViewController.swift; sourceTree = "<group>"; };
		4830098E1F4ACACD00FB10F7 /* Base */ = {isa = PBXFileReference; lastKnownFileType = file.storyboard; name = Base; path = Base.lproj/Main.storyboard; sourceTree = "<group>"; };
		483009901F4ACACD00FB10F7 /* Assets.xcassets */ = {isa = PBXFileReference; lastKnownFileType = folder.assetcatalog; path = Assets.xcassets; sourceTree = "<group>"; };
		483009931F4ACACD00FB10F7 /* Base */ = {isa = PBXFileReference; lastKnownFileType = file.storyboard; name = Base; path = Base.lproj/LaunchScreen.storyboard; sourceTree = "<group>"; };
		483009951F4ACACD00FB10F7 /* Info.plist */ = {isa = PBXFileReference; lastKnownFileType = text.plist.xml; path = Info.plist; sourceTree = "<group>"; };
		4830099B1F4ACBFC00FB10F7 /* Kenny.jpg */ = {isa = PBXFileReference; lastKnownFileType = image.jpeg; path = Kenny.jpg; sourceTree = "<group>"; };
		4830099C1F4ACBFC00FB10F7 /* SouthPark.jpg */ = {isa = PBXFileReference; lastKnownFileType = image.jpeg; path = SouthPark.jpg; sourceTree = "<group>"; };
/* End PBXFileReference section */

/* Begin PBXFrameworksBuildPhase section */
		483009831F4ACACD00FB10F7 /* Frameworks */ = {
			isa = PBXFrameworksBuildPhase;
			buildActionMask = 2147483647;
			files = (
			);
			runOnlyForDeploymentPostprocessing = 0;
		};
/* End PBXFrameworksBuildPhase section */

/* Begin PBXGroup section */
		4830097D1F4ACACD00FB10F7 = {
			isa = PBXGroup;
			children = (
				483009881F4ACACD00FB10F7 /* KennyGame */,
				483009871F4ACACD00FB10F7 /* Products */,
			);
			sourceTree = "<group>";
		};
		483009871F4ACACD00FB10F7 /* Products */ = {
			isa = PBXGroup;
			children = (
				483009861F4ACACD00FB10F7 /* KennyGame.app */,
			);
			name = Products;
			sourceTree = "<group>";
		};
		483009881F4ACACD00FB10F7 /* KennyGame */ = {
			isa = PBXGroup;
			children = (
				4830099B1F4ACBFC00FB10F7 /* Kenny.jpg */,
				4830099C1F4ACBFC00FB10F7 /* SouthPark.jpg */,
				483009891F4ACACD00FB10F7 /* AppDelegate.swift */,
				4830098B1F4ACACD00FB10F7 /* ViewController.swift */,
				4830098D1F4ACACD00FB10F7 /* Main.storyboard */,
				483009901F4ACACD00FB10F7 /* Assets.xcassets */,
				483009921F4ACACD00FB10F7 /* LaunchScreen.storyboard */,
				483009951F4ACACD00FB10F7 /* Info.plist */,
			);
			path = KennyGame;
			sourceTree = "<group>";
		};
/* End PBXGroup section */

/* Begin PBXNativeTarget section */
		483009851F4ACACD00FB10F7 /* KennyGame */ = {
			isa = PBXNativeTarget;
			buildConfigurationList = 483009981F4ACACD00FB10F7 /* Build configuration list for PBXNativeTarget "KennyGame" */;
			buildPhases = (
				483009821F4ACACD00FB10F7 /* Sources */,
				483009831F4ACACD00FB10F7 /* Frameworks */,
				483009841F4ACACD00FB10F7 /* Resources */,
			);
			buildRules = (
			);
			dependencies = (
			);
			name = KennyGame;
			productName = KennyGame;
			productReference = 483009861F4ACACD00FB10F7 /* KennyGame.app */;
			productType = "com.apple.product-type.application";
		};
/* End PBXNativeTarget section */

/* Begin PBXProject section */
		4830097E1F4ACACD00FB10F7 /* Project object */ = {
			isa = PBXProject;
			attributes = {
				LastSwiftUpdateCheck = 0900;
				LastUpgradeCheck = 0900;
				ORGANIZATIONNAME = "Engin Yüce";
				TargetAttributes = {
					483009851F4ACACD00FB10F7 = {
						CreatedOnToolsVersion = 9.0;
					};
				};
			};
			buildConfigurationList = 483009811F4ACACD00FB10F7 /* Build configuration list for PBXProject "KennyGame" */;
			compatibilityVersion = "Xcode 8.0";
			developmentRegion = en;
			hasScannedForEncodings = 0;
			knownRegions = (
				en,
				Base,
			);
			mainGroup = 4830097D1F4ACACD00FB10F7;
			productRefGroup = 483009871F4ACACD00FB10F7 /* Products */;
			projectDirPath = "";
			projectRoot = "";
			targets = (
				483009851F4ACACD00FB10F7 /* KennyGame */,
			);
		};
/* End PBXProject section */

/* Begin PBXResourcesBuildPhase section */
		483009841F4ACACD00FB10F7 /* Resources */ = {
			isa = PBXResourcesBuildPhase;
			buildActionMask = 2147483647;
			files = (
				4830099E1F4ACBFE00FB10F7 /* SouthPark.jpg in Resources */,
				483009941F4ACACD00FB10F7 /* LaunchScreen.storyboard in Resources */,
				4830099D1F4ACBFE00FB10F7 /* Kenny.jpg in Resources */,
				483009911F4ACACD00FB10F7 /* Assets.xcassets in Resources */,
				4830098F1F4ACACD00FB10F7 /* Main.storyboard in Resources */,
			);
			runOnlyForDeploymentPostprocessing = 0;
		};
/* End PBXResourcesBuildPhase section */

/* Begin PBXSourcesBuildPhase section */
		483009821F4ACACD00FB10F7 /* Sources */ = {
			isa = PBXSourcesBuildPhase;
			buildActionMask = 2147483647;
			files = (
				4830098C1F4ACACD00FB10F7 /* ViewController.swift in Sources */,
				4830098A1F4ACACD00FB10F7 /* AppDelegate.swift in Sources */,
			);
			runOnlyForDeploymentPostprocessing = 0;
		};
/* End PBXSourcesBuildPhase section */

/* Begin PBXVariantGroup section */
		4830098D1F4ACACD00FB10F7 /* Main.storyboard */ = {
			isa = PBXVariantGroup;
			children = (
				4830098E1F4ACACD00FB10F7 /* Base */,
			);
			name = Main.storyboard;
			sourceTree = "<group>";
		};
		483009921F4ACACD00FB10F7 /* LaunchScreen.storyboard */ = {
			isa = PBXVariantGroup;
			children = (
				483009931F4ACACD00FB10F7 /* Base */,
			);
			name = LaunchScreen.storyboard;
			sourceTree = "<group>";
		};
/* End PBXVariantGroup section */

/* Begin XCBuildConfiguration section */
		483009961F4ACACD00FB10F7 /* Debug */ = {
			isa = XCBuildConfiguration;
			buildSettings = {
				ALWAYS_SEARCH_USER_PATHS = NO;
				CLANG_ANALYZER_NONNULL = YES;
				CLANG_ANALYZER_NUMBER_OBJECT_CONVERSION = YES_AGGRESSIVE;
				CLANG_CXX_LANGUAGE_STANDARD = "gnu++14";
				CLANG_CXX_LIBRARY = "libc++";
				CLANG_ENABLE_MODULES = YES;
				CLANG_ENABLE_OBJC_ARC = YES;
				CLANG_WARN_BLOCK_CAPTURE_AUTORELEASING = YES;
				CLANG_WARN_BOOL_CONVERSION = YES;
				CLANG_WARN_COMMA = YES;
				CLANG_WARN_CONSTANT_CONVERSION = YES;
				CLANG_WARN_DIRECT_OBJC_ISA_USAGE = YES_ERROR;
				CLANG_WARN_DOCUMENTATION_COMMENTS = YES;
				CLANG_WARN_EMPTY_BODY = YES;
				CLANG_WARN_ENUM_CONVERSION = YES;
				CLANG_WARN_INFINITE_RECURSION = YES;
				CLANG_WARN_INT_CONVERSION = YES;
				CLANG_WARN_NON_LITERAL_NULL_CONVERSION = YES;
				CLANG_WARN_OBJC_LITERAL_CONVERSION = YES;
				CLANG_WARN_OBJC_ROOT_CLASS = YES_ERROR;
				CLANG_WARN_RANGE_LOOP_ANALYSIS = YES;
				CLANG_WARN_STRICT_PROTOTYPES = YES;
				CLANG_WARN_SUSPICIOUS_MOVE = YES;
				CLANG_WARN_UNGUARDED_AVAILABILITY = YES_AGGRESSIVE;
				CLANG_WARN_UNREACHABLE_CODE = YES;
				CLANG_WARN__DUPLICATE_METHOD_MATCH = YES;
				CODE_SIGN_IDENTITY = "iPhone Developer";
				COPY_PHASE_STRIP = NO;
				DEBUG_INFORMATION_FORMAT = dwarf;
				ENABLE_STRICT_OBJC_MSGSEND = YES;
				ENABLE_TESTABILITY = YES;
				GCC_C_LANGUAGE_STANDARD = gnu11;
				GCC_DYNAMIC_NO_PIC = NO;
				GCC_NO_COMMON_BLOCKS = YES;
				GCC_OPTIMIZATION_LEVEL = 0;
				GCC_PREPROCESSOR_DEFINITIONS = (
					"DEBUG=1",
					"$(inherited)",
				);
				GCC_WARN_64_TO_32_BIT_CONVERSION = YES;
				GCC_WARN_ABOUT_RETURN_TYPE = YES_ERROR;
				GCC_WARN_UNDECLARED_SELECTOR = YES;
				GCC_WARN_UNINITIALIZED_AUTOS = YES_AGGRESSIVE;
				GCC_WARN_UNUSED_FUNCTION = YES;
				GCC_WARN_UNUSED_VARIABLE = YES;
				IPHONEOS_DEPLOYMENT_TARGET = 9.3;
				MTL_ENABLE_DEBUG_INFO = YES;
				ONLY_ACTIVE_ARCH = YES;
				SDKROOT = iphoneos;
				SWIFT_ACTIVE_COMPILATION_CONDITIONS = DEBUG;
				SWIFT_OPTIMIZATION_LEVEL = "-Onone";
			};
			name = Debug;
		};
		483009971F4ACACD00FB10F7 /* Release */ = {
			isa = XCBuildConfiguration;
			buildSettings = {
				ALWAYS_SEARCH_USER_PATHS = NO;
				CLANG_ANALYZER_NONNULL = YES;
				CLANG_ANALYZER_NUMBER_OBJECT_CONVERSION = YES_AGGRESSIVE;
				CLANG_CXX_LANGUAGE_STANDARD = "gnu++14";
				CLANG_CXX_LIBRARY = "libc++";
				CLANG_ENABLE_MODULES = YES;
				CLANG_ENABLE_OBJC_ARC = YES;
				CLANG_WARN_BLOCK_CAPTURE_AUTORELEASING = YES;
				CLANG_WARN_BOOL_CONVERSION = YES;
				CLANG_WARN_COMMA = YES;
				CLANG_WARN_CONSTANT_CONVERSION = YES;
				CLANG_WARN_DIRECT_OBJC_ISA_USAGE = YES_ERROR;
				CLANG_WARN_DOCUMENTATION_COMMENTS = YES;
				CLANG_WARN_EMPTY_BODY = YES;
				CLANG_WARN_ENUM_CONVERSION = YES;
				CLANG_WARN_INFINITE_RECURSION = YES;
				CLANG_WARN_INT_CONVERSION = YES;
				CLANG_WARN_NON_LITERAL_NULL_CONVERSION = YES;
				CLANG_WARN_OBJC_LITERAL_CONVERSION = YES;
				CLANG_WARN_OBJC_ROOT_CLASS = YES_ERROR;
				CLANG_WARN_RANGE_LOOP_ANALYSIS = YES;
				CLANG_WARN_STRICT_PROTOTYPES = YES;
				CLANG_WARN_SUSPICIOUS_MOVE = YES;
				CLANG_WARN_UNGUARDED_AVAILABILITY = YES_AGGRESSIVE;
				CLANG_WARN_UNREACHABLE_CODE = YES;
				CLANG_WARN__DUPLICATE_METHOD_MATCH = YES;
				CODE_SIGN_IDENTITY = "iPhone Developer";
				COPY_PHASE_STRIP = NO;
				DEBUG_INFORMATION_FORMAT = "dwarf-with-dsym";
				ENABLE_NS_ASSERTIONS = NO;
				ENABLE_STRICT_OBJC_MSGSEND = YES;
				GCC_C_LANGUAGE_STANDARD = gnu11;
				GCC_NO_COMMON_BLOCKS = YES;
				GCC_WARN_64_TO_32_BIT_CONVERSION = YES;
				GCC_WARN_ABOUT_RETURN_TYPE = YES_ERROR;
				GCC_WARN_UNDECLARED_SELECTOR = YES;
				GCC_WARN_UNINITIALIZED_AUTOS = YES_AGGRESSIVE;
				GCC_WARN_UNUSED_FUNCTION = YES;
				GCC_WARN_UNUSED_VARIABLE = YES;
				IPHONEOS_DEPLOYMENT_TARGET = 9.3;
				MTL_ENABLE_DEBUG_INFO = NO;
				SDKROOT = iphoneos;
				SWIFT_OPTIMIZATION_LEVEL = "-Owholemodule";
				VALIDATE_PRODUCT = YES;
			};
			name = Release;
		};
		483009991F4ACACD00FB10F7 /* Debug */ = {
			isa = XCBuildConfiguration;
			buildSettings = {
				ASSETCATALOG_COMPILER_APPICON_NAME = AppIcon;
				DEVELOPMENT_TEAM = WM24M545RT;
				INFOPLIST_FILE = KennyGame/Info.plist;
				IPHONEOS_DEPLOYMENT_TARGET = 9.3;
				LD_RUNPATH_SEARCH_PATHS = "$(inherited) @executable_path/Frameworks";
				PRODUCT_BUNDLE_IDENTIFIER = com.enginyuce.KennyGame;
				PRODUCT_NAME = "$(TARGET_NAME)";
				SWIFT_VERSION = 4.0;
				TARGETED_DEVICE_FAMILY = 1;
			};
			name = Debug;
		};
		4830099A1F4ACACD00FB10F7 /* Release */ = {
			isa = XCBuildConfiguration;
			buildSettings = {
				ASSETCATALOG_COMPILER_APPICON_NAME = AppIcon;
				DEVELOPMENT_TEAM = WM24M545RT;
				INFOPLIST_FILE = KennyGame/Info.plist;
				IPHONEOS_DEPLOYMENT_TARGET = 9.3;
				LD_RUNPATH_SEARCH_PATHS = "$(inherited) @executable_path/Frameworks";
				PRODUCT_BUNDLE_IDENTIFIER = com.enginyuce.KennyGame;
				PRODUCT_NAME = "$(TARGET_NAME)";
				SWIFT_VERSION = 4.0;
				TARGETED_DEVICE_FAMILY = 1;
			};
			name = Release;
		};
/* End XCBuildConfiguration section */

/* Begin XCConfigurationList section */
		483009811F4ACACD00FB10F7 /* Build configuration list for PBXProject "KennyGame" */ = {
			isa = XCConfigurationList;
			buildConfigurations = (
				483009961F4ACACD00FB10F7 /* Debug */,
				483009971F4ACACD00FB10F7 /* Release */,
			);
			defaultConfigurationIsVisible = 0;
			defaultConfigurationName = Release;
		};
		483009981F4ACACD00FB10F7 /* Build configuration list for PBXNativeTarget "KennyGame" */ = {
			isa = XCConfigurationList;
			buildConfigurations = (
				483009991F4ACACD00FB10F7 /* Debug */,
				4830099A1F4ACACD00FB10F7 /* Release */,
			);
			defaultConfigurationIsVisible = 0;
			defaultConfigurationName = Release;
		};
/* End XCConfigurationList section */
	};
	rootObject = 4830097E1F4ACACD00FB10F7 /* Project object */;
}
